Microsoft Visual Studio Solution File, Format Version 12.00
# Visual Studio Version 17
VisualStudioVersion = 17.0.31903.59
MinimumVisualStudioVersion = 10.0.40219.1
Project("{FAE04EC0-301F-11D3-BF4B-00C04F79EFBC}") = "Pharmaceutical.Core", "Pharmaceutical.Core\Pharmaceutical.Core.csproj", "{4BBE2F70-270C-4013-82C6-4E712908B40D}"
EndProject
Project("{FAE04EC0-301F-11D3-BF4B-00C04F79EFBC}") = "Pharmaceutical.Infrastructure", "Pharmaceutical.Infrastructure\Pharmaceutical.Infrastructure.csproj", "{C06BDA8D-0EB6-46DB-9FA5-9B745B1E0D04}"
EndProject
Project("{FAE04EC0-301F-11D3-BF4B-00C04F79EFBC}") = "Pharmaceutical.Services", "Pharmaceutical.Services\Pharmaceutical.Services.csproj", "{FBDB3FA7-139D-4309-9AD4-E8B693BE14F8}"
EndProject
Project("{FAE04EC0-301F-11D3-BF4B-00C04F79EFBC}") = "Pharmaceutical.WebAPI", "Pharmaceutical.WebAPI\Pharmaceutical.WebAPI.csproj", "{5F588A6F-A390-4207-B79E-E2604F430CBC}"
EndProject
Project("{FAE04EC0-301F-11D3-BF4B-00C04F79EFBC}") = "Pharmaceutical.Blazor", "前端页面\Pharmaceutical.Blazor\Pharmaceutical.Blazor.csproj", "{A1B2C3D4-E5F6-7890-ABCD-EF1234567890}"
EndProject
Global
	GlobalSection(SolutionConfigurationPlatforms) = preSolution
		Debug|Any CPU = Debug|Any CPU
		Release|Any CPU = Release|Any CPU
	EndGlobalSection
	GlobalSection(ProjectConfigurationPlatforms) = postSolution
		{4BBE2F70-270C-4013-82C6-4E712908B40D}.Debug|Any CPU.ActiveCfg = Debug|Any CPU
		{4BBE2F70-270C-4013-82C6-4E712908B40D}.Debug|Any CPU.Build.0 = Debug|Any CPU
		{4BBE2F70-270C-4013-82C6-4E712908B40D}.Release|Any CPU.ActiveCfg = Release|Any CPU
		{4BBE2F70-270C-4013-82C6-4E712908B40D}.Release|Any CPU.Build.0 = Release|Any CPU
		{C06BDA8D-0EB6-46DB-9FA5-9B745B1E0D04}.Debug|Any CPU.ActiveCfg = Debug|Any CPU
		{C06BDA8D-0EB6-46DB-9FA5-9B745B1E0D04}.Debug|Any CPU.Build.0 = Debug|Any CPU
		{C06BDA8D-0EB6-46DB-9FA5-9B745B1E0D04}.Release|Any CPU.ActiveCfg = Release|Any CPU
		{C06BDA8D-0EB6-46DB-9FA5-9B745B1E0D04}.Release|Any CPU.Build.0 = Release|Any CPU
		{FBDB3FA7-139D-4309-9AD4-E8B693BE14F8}.Debug|Any CPU.ActiveCfg = Debug|Any CPU
		{FBDB3FA7-139D-4309-9AD4-E8B693BE14F8}.Debug|Any CPU.Build.0 = Debug|Any CPU
		{FBDB3FA7-139D-4309-9AD4-E8B693BE14F8}.Release|Any CPU.ActiveCfg = Release|Any CPU
		{FBDB3FA7-139D-4309-9AD4-E8B693BE14F8}.Release|Any CPU.Build.0 = Release|Any CPU
		{5F588A6F-A390-4207-B79E-E2604F430CBC}.Debug|Any CPU.ActiveCfg = Debug|Any CPU
		{5F588A6F-A390-4207-B79E-E2604F430CBC}.Debug|Any CPU.Build.0 = Debug|Any CPU
		{5F588A6F-A390-4207-B79E-E2604F430CBC}.Release|Any CPU.ActiveCfg = Release|Any CPU
		{5F588A6F-A390-4207-B79E-E2604F430CBC}.Release|Any CPU.Build.0 = Release|Any CPU
		{A1B2C3D4-E5F6-7890-ABCD-EF1234567890}.Debug|Any CPU.ActiveCfg = Debug|Any CPU
		{A1B2C3D4-E5F6-7890-ABCD-EF1234567890}.Debug|Any CPU.Build.0 = Debug|Any CPU
		{A1B2C3D4-E5F6-7890-ABCD-EF1234567890}.Release|Any CPU.ActiveCfg = Release|Any CPU
		{A1B2C3D4-E5F6-7890-ABCD-EF1234567890}.Release|Any CPU.Build.0 = Release|Any CPU
	EndGlobalSection
	GlobalSection(SolutionProperties) = preSolution
		HideSolutionNode = FALSE
	EndGlobalSection
	GlobalSection(ExtensibilityGlobals) = postSolution
		SolutionGuid = {3CFF8FE8-DED0-489B-B94E-CDC6F0230CE4}
	EndGlobalSection
EndGlobal